
Microsoft Visual Studio Solution File, Format Version 12.00
# Visual Studio Version 17
VisualStudioVersion = 17.14.36301.6 d17.14
MinimumVisualStudioVersion = 10.0.40219.1
Project("{FAE04EC0-301F-11D3-BF4B-00C04F79EFBC}") = "Lab2", "Lab2\Lab2.csproj", "{DDBA28B2-E2D0-442A-A06C-C5CE1B3E7291}"
EndProject
Global
	GlobalSection(SolutionConfigurationPlatforms) = preSolution
		Debug|Any CPU = Debug|Any CPU
		Release|Any CPU = Release|Any CPU
	EndGlobalSection
	GlobalSection(ProjectConfigurationPlatforms) = postSolution
		{DDBA28B2-E2D0-442A-A06C-C5CE1B3E7291}.Debug|Any CPU.ActiveCfg = Debug|Any CPU
		{DDBA28B2-E2D0-442A-A06C-C5CE1B3E7291}.Debug|Any CPU.Build.0 = Debug|Any CPU
		{DDBA28B2-E2D0-442A-A06C-C5CE1B3E7291}.Release|Any CPU.ActiveCfg = Release|Any CPU
		{DDBA28B2-E2D0-442A-A06C-C5CE1B3E7291}.Release|Any CPU.Build.0 = Release|Any CPU
	EndGlobalSection
	GlobalSection(SolutionProperties) = preSolution
		HideSolutionNode = FALSE
	EndGlobalSection
	GlobalSection(ExtensibilityGlobals) = postSolution
		SolutionGuid = {4C5D479F-F0FA-410F-8D6F-1ACD26F0532A}
	EndGlobalSection
EndGlobal
